// !$*UTF8*$!
{
	archiveVersion = 1;
	classes = {
	};
	objectVersion = 77;
	objects = {

/* Begin PBXBuildFile section */
		199EA3382E4073870077CF35 /* MagSafeGuardCore in Frameworks */ = {isa = PBXBuildFile; productRef = 199EA3372E4073870077CF35 /* MagSafeGuardCore */; };
		199EA33A2E4073870077CF35 /* MagSafeGuardDomain in Frameworks */ = {isa = PBXBuildFile; productRef = 199EA3392E4073870077CF35 /* MagSafeGuardDomain */; };
/* End PBXBuildFile section */

/* Begin PBXContainerItemProxy section */
		193DA6B92E3B164D00DE6E06 /* PBXContainerItemProxy */ = {
			isa = PBXContainerItemProxy;
			containerPortal = 193DA6A02E3B164A00DE6E06 /* Project object */;
			proxyType = 1;
			remoteGlobalIDString = 193DA6A72E3B164A00DE6E06;
			remoteInfo = MagSafeGuard;
		};
		193DA6C32E3B164D00DE6E06 /* PBXContainerItemProxy */ = {
			isa = PBXContainerItemProxy;
			containerPortal = 193DA6A02E3B164A00DE6E06 /* Project object */;
			proxyType = 1;
			remoteGlobalIDString = 193DA6A72E3B164A00DE6E06;
			remoteInfo = MagSafeGuard;
		};
/* End PBXContainerItemProxy section */

/* Begin PBXFileReference section */
		193DA6A82E3B164A00DE6E06 /* MagSafeGuard.app */ = {isa = PBXFileReference; explicitFileType = wrapper.application; includeInIndex = 0; path = MagSafeGuard.app; sourceTree = BUILT_PRODUCTS_DIR; };
		193DA6B82E3B164D00DE6E06 /* MagSafeGuardTests.xctest */ = {isa = PBXFileReference; explicitFileType = wrapper.cfbundle; includeInIndex = 0; path = MagSafeGuardTests.xctest; sourceTree = BUILT_PRODUCTS_DIR; };
		193DA6C22E3B164D00DE6E06 /* MagSafeGuardUITests.xctest */ = {isa = PBXFileReference; explicitFileType = wrapper.cfbundle; includeInIndex = 0; path = MagSafeGuardUITests.xctest; sourceTree = BUILT_PRODUCTS_DIR; };
/* End PBXFileReference section */

/* Begin PBXFileSystemSynchronizedRootGroup section */
		193DA6AA2E3B164A00DE6E06 /* MagSafeGuard */ = {
			isa = PBXFileSystemSynchronizedRootGroup;
			path = MagSafeGuard;
			sourceTree = "<group>";
		};
		193DA6BB2E3B164D00DE6E06 /* MagSafeGuardTests */ = {
			isa = PBXFileSystemSynchronizedRootGroup;
			path = MagSafeGuardTests;
			sourceTree = "<group>";
		};
		193DA6C52E3B164D00DE6E06 /* MagSafeGuardUITests */ = {
			isa = PBXFileSystemSynchronizedRootGroup;
			path = MagSafeGuardUITests;
			sourceTree = "<group>";
		};
/* End PBXFileSystemSynchronizedRootGroup section */

/* Begin PBXFrameworksBuildPhase section */
		193DA6A52E3B164A00DE6E06 /* Frameworks */ = {
			isa = PBXFrameworksBuildPhase;
			buildActionMask = 2147483647;
			files = (
				199EA3382E4073870077CF35 /* MagSafeGuardCore in Frameworks */,
				199EA33A2E4073870077CF35 /* MagSafeGuardDomain in Frameworks */,
			);
			runOnlyForDeploymentPostprocessing = 0;
		};
		193DA6B52E3B164D00DE6E06 /* Frameworks */ = {
			isa = PBXFrameworksBuildPhase;
			buildActionMask = 2147483647;
			files = (
			);
			runOnlyForDeploymentPostprocessing = 0;
		};
		193DA6BF2E3B164D00DE6E06 /* Frameworks */ = {
			isa = PBXFrameworksBuildPhase;
			buildActionMask = 2147483647;
			files = (
			);
			runOnlyForDeploymentPostprocessing = 0;
		};
/* End PBXFrameworksBuildPhase section */

/* Begin PBXGroup section */
		193DA69F2E3B164A00DE6E06 = {
			isa = PBXGroup;
			children = (
				193DA6AA2E3B164A00DE6E06 /* MagSafeGuard */,
				193DA6BB2E3B164D00DE6E06 /* MagSafeGuardTests */,
				193DA6C52E3B164D00DE6E06 /* MagSafeGuardUITests */,
				193DA6A92E3B164A00DE6E06 /* Products */,
			);
			sourceTree = "<group>";
		};
		193DA6A92E3B164A00DE6E06 /* Products */ = {
			isa = PBXGroup;
			children = (
				193DA6A82E3B164A00DE6E06 /* MagSafeGuard.app */,
				193DA6B82E3B164D00DE6E06 /* MagSafeGuardTests.xctest */,
				193DA6C22E3B164D00DE6E06 /* MagSafeGuardUITests.xctest */,
			);
			name = Products;
			sourceTree = "<group>";
		};
/* End PBXGroup section */

/* Begin PBXNativeTarget section */
		193DA6A72E3B164A00DE6E06 /* MagSafeGuard */ = {
			isa = PBXNativeTarget;
			buildConfigurationList = 193DA6CC2E3B164D00DE6E06 /* Build configuration list for PBXNativeTarget "MagSafeGuard" */;
			buildPhases = (
				193DA6A42E3B164A00DE6E06 /* Sources */,
				193DA6A52E3B164A00DE6E06 /* Frameworks */,
				193DA6A62E3B164A00DE6E06 /* Resources */,
			);
			buildRules = (
			);
			dependencies = (
			);
			fileSystemSynchronizedGroups = (
				193DA6AA2E3B164A00DE6E06 /* MagSafeGuard */,
			);
			name = MagSafeGuard;
			packageProductDependencies = (
				199EA3372E4073870077CF35 /* MagSafeGuardCore */,
				199EA3392E4073870077CF35 /* MagSafeGuardDomain */,
			);
			productName = MagSafeGuard;
			productReference = 193DA6A82E3B164A00DE6E06 /* MagSafeGuard.app */;
			productType = "com.apple.product-type.application";
		};
		193DA6B72E3B164D00DE6E06 /* MagSafeGuardTests */ = {
			isa = PBXNativeTarget;
			buildConfigurationList = 193DA6CF2E3B164D00DE6E06 /* Build configuration list for PBXNativeTarget "MagSafeGuardTests" */;
			buildPhases = (
				193DA6B42E3B164D00DE6E06 /* Sources */,
				193DA6B52E3B164D00DE6E06 /* Frameworks */,
				193DA6B62E3B164D00DE6E06 /* Resources */,
			);
			buildRules = (
			);
			dependencies = (
				193DA6BA2E3B164D00DE6E06 /* PBXTargetDependency */,
			);
			fileSystemSynchronizedGroups = (
				193DA6BB2E3B164D00DE6E06 /* MagSafeGuardTests */,
			);
			name = MagSafeGuardTests;
			packageProductDependencies = (
			);
			productName = MagSafeGuardTests;
			productReference = 193DA6B82E3B164D00DE6E06 /* MagSafeGuardTests.xctest */;
			productType = "com.apple.product-type.bundle.unit-test";
		};
		193DA6C12E3B164D00DE6E06 /* MagSafeGuardUITests */ = {
			isa = PBXNativeTarget;
			buildConfigurationList = 193DA6D22E3B164D00DE6E06 /* Build configuration list for PBXNativeTarget "MagSafeGuardUITests" */;
			buildPhases = (
				193DA6BE2E3B164D00DE6E06 /* Sources */,
				193DA6BF2E3B164D00DE6E06 /* Frameworks */,
				193DA6C02E3B164D00DE6E06 /* Resources */,
			);
			buildRules = (
			);
			dependencies = (
				193DA6C42E3B164D00DE6E06 /* PBXTargetDependency */,
			);
			fileSystemSynchronizedGroups = (
				193DA6C52E3B164D00DE6E06 /* MagSafeGuardUITests */,
			);
			name = MagSafeGuardUITests;
			packageProductDependencies = (
			);
			productName = MagSafeGuardUITests;
			productReference = 193DA6C22E3B164D00DE6E06 /* MagSafeGuardUITests.xctest */;
			productType = "com.apple.product-type.bundle.ui-testing";
		};
/* End PBXNativeTarget section */

/* Begin PBXProject section */
		193DA6A02E3B164A00DE6E06 /* Project object */ = {
			isa = PBXProject;
			attributes = {
				BuildIndependentTargetsInParallel = 1;
				LastSwiftUpdateCheck = 1640;
				LastUpgradeCheck = 1640;
				TargetAttributes = {
					193DA6A72E3B164A00DE6E06 = {
						CreatedOnToolsVersion = 16.4;
					};
					193DA6B72E3B164D00DE6E06 = {
						CreatedOnToolsVersion = 16.4;
						TestTargetID = 193DA6A72E3B164A00DE6E06;
					};
					193DA6C12E3B164D00DE6E06 = {
						CreatedOnToolsVersion = 16.4;
						TestTargetID = 193DA6A72E3B164A00DE6E06;
					};
				};
			};
			buildConfigurationList = 193DA6A32E3B164A00DE6E06 /* Build configuration list for PBXProject "MagSafeGuard" */;
			developmentRegion = en;
			hasScannedForEncodings = 0;
			knownRegions = (
				en,
				Base,
				de,
			);
			mainGroup = 193DA69F2E3B164A00DE6E06;
			minimizedProjectReferenceProxies = 1;
			packageReferences = (
				199EA3362E4073870077CF35 /* XCLocalSwiftPackageReference "MagSafeGuardLib" */,
			);
			preferredProjectObjectVersion = 77;
			productRefGroup = 193DA6A92E3B164A00DE6E06 /* Products */;
			projectDirPath = "";
			projectRoot = "";
			targets = (
				193DA6A72E3B164A00DE6E06 /* MagSafeGuard */,
				193DA6B72E3B164D00DE6E06 /* MagSafeGuardTests */,
				193DA6C12E3B164D00DE6E06 /* MagSafeGuardUITests */,
			);
		};
/* End PBXProject section */

/* Begin PBXResourcesBuildPhase section */
		193DA6A62E3B164A00DE6E06 /* Resources */ = {
			isa = PBXResourcesBuildPhase;
			buildActionMask = 2147483647;
			files = (
			);
			runOnlyForDeploymentPostprocessing = 0;
		};
		193DA6B62E3B164D00DE6E06 /* Resources */ = {
			isa = PBXResourcesBuildPhase;
			buildActionMask = 2147483647;
			files = (
			);
			runOnlyForDeploymentPostprocessing = 0;
		};
		193DA6C02E3B164D00DE6E06 /* Resources */ = {
			isa = PBXResourcesBuildPhase;
			buildActionMask = 2147483647;
			files = (
			);
			runOnlyForDeploymentPostprocessing = 0;
		};
/* End PBXResourcesBuildPhase section */

/* Begin PBXSourcesBuildPhase section */
		193DA6A42E3B164A00DE6E06 /* Sources */ = {
			isa = PBXSourcesBuildPhase;
			buildActionMask = 2147483647;
			files = (
			);
			runOnlyForDeploymentPostprocessing = 0;
		};
		193DA6B42E3B164D00DE6E06 /* Sources */ = {
			isa = PBXSourcesBuildPhase;
			buildActionMask = 2147483647;
			files = (
			);
			runOnlyForDeploymentPostprocessing = 0;
		};
		193DA6BE2E3B164D00DE6E06 /* Sources */ = {
			isa = PBXSourcesBuildPhase;
			buildActionMask = 2147483647;
			files = (
			);
			runOnlyForDeploymentPostprocessing = 0;
		};
/* End PBXSourcesBuildPhase section */

/* Begin PBXTargetDependency section */
		193DA6BA2E3B164D00DE6E06 /* PBXTargetDependency */ = {
			isa = PBXTargetDependency;
			target = 193DA6A72E3B164A00DE6E06 /* MagSafeGuard */;
			targetProxy = 193DA6B92E3B164D00DE6E06 /* PBXContainerItemProxy */;
		};
		193DA6C42E3B164D00DE6E06 /* PBXTargetDependency */ = {
			isa = PBXTargetDependency;
			target = 193DA6A72E3B164A00DE6E06 /* MagSafeGuard */;
			targetProxy = 193DA6C32E3B164D00DE6E06 /* PBXContainerItemProxy */;
		};
/* End PBXTargetDependency section */

/* Begin XCBuildConfiguration section */
		193DA6CA2E3B164D00DE6E06 /* Debug */ = {
			isa = XCBuildConfiguration;
			buildSettings = {
				ALWAYS_SEARCH_USER_PATHS = NO;
				ASSETCATALOG_COMPILER_GENERATE_SWIFT_ASSET_SYMBOL_EXTENSIONS = YES;
				CLANG_ANALYZER_NONNULL = YES;
				CLANG_ANALYZER_NUMBER_OBJECT_CONVERSION = YES_AGGRESSIVE;
				CLANG_CXX_LANGUAGE_STANDARD = "gnu++20";
				CLANG_ENABLE_MODULES = YES;
				CLANG_ENABLE_OBJC_ARC = YES;
				CLANG_ENABLE_OBJC_WEAK = YES;
				CLANG_WARN_BLOCK_CAPTURE_AUTORELEASING = YES;
				CLANG_WARN_BOOL_CONVERSION = YES;
				CLANG_WARN_COMMA = YES;
				CLANG_WARN_CONSTANT_CONVERSION = YES;
				CLANG_WARN_DEPRECATED_OBJC_IMPLEMENTATIONS = YES;
				CLANG_WARN_DIRECT_OBJC_ISA_USAGE = YES_ERROR;
				CLANG_WARN_DOCUMENTATION_COMMENTS = YES;
				CLANG_WARN_EMPTY_BODY = YES;
				CLANG_WARN_ENUM_CONVERSION = YES;
				CLANG_WARN_INFINITE_RECURSION = YES;
				CLANG_WARN_INT_CONVERSION = YES;
				CLANG_WARN_NON_LITERAL_NULL_CONVERSION = YES;
				CLANG_WARN_OBJC_IMPLICIT_RETAIN_SELF = YES;
				CLANG_WARN_OBJC_LITERAL_CONVERSION = YES;
				CLANG_WARN_OBJC_ROOT_CLASS = YES_ERROR;
				CLANG_WARN_QUOTED_INCLUDE_IN_FRAMEWORK_HEADER = YES;
				CLANG_WARN_RANGE_LOOP_ANALYSIS = YES;
				CLANG_WARN_STRICT_PROTOTYPES = YES;
				CLANG_WARN_SUSPICIOUS_MOVE = YES;
				CLANG_WARN_UNGUARDED_AVAILABILITY = YES_AGGRESSIVE;
				CLANG_WARN_UNREACHABLE_CODE = YES;
				CLANG_WARN__DUPLICATE_METHOD_MATCH = YES;
				COPY_PHASE_STRIP = NO;
				DEBUG_INFORMATION_FORMAT = dwarf;
				ENABLE_STRICT_OBJC_MSGSEND = YES;
				ENABLE_TESTABILITY = YES;
				ENABLE_USER_SCRIPT_SANDBOXING = YES;
				GCC_C_LANGUAGE_STANDARD = gnu17;
				GCC_DYNAMIC_NO_PIC = NO;
				GCC_NO_COMMON_BLOCKS = YES;
				GCC_OPTIMIZATION_LEVEL = 0;
				GCC_PREPROCESSOR_DEFINITIONS = (
					"DEBUG=1",
					"$(inherited)",
				);
				GCC_WARN_64_TO_32_BIT_CONVERSION = YES;
				GCC_WARN_ABOUT_RETURN_TYPE = YES_ERROR;
				GCC_WARN_UNDECLARED_SELECTOR = YES;
				GCC_WARN_UNINITIALIZED_AUTOS = YES_AGGRESSIVE;
				GCC_WARN_UNUSED_FUNCTION = YES;
				GCC_WARN_UNUSED_VARIABLE = YES;
				LOCALIZATION_PREFERS_STRING_CATALOGS = YES;
				MACOSX_DEPLOYMENT_TARGET = 14.0;
				MTL_ENABLE_DEBUG_INFO = INCLUDE_SOURCE;
				MTL_FAST_MATH = YES;
				ONLY_ACTIVE_ARCH = YES;
				SDKROOT = macosx;
				SWIFT_ACTIVE_COMPILATION_CONDITIONS = "DEBUG $(inherited)";
				SWIFT_OPTIMIZATION_LEVEL = "-Onone";
			};
			name = Debug;
		};
		193DA6CB2E3B164D00DE6E06 /* Release */ = {
			isa = XCBuildConfiguration;
			buildSettings = {
				ALWAYS_SEARCH_USER_PATHS = NO;
				ASSETCATALOG_COMPILER_GENERATE_SWIFT_ASSET_SYMBOL_EXTENSIONS = YES;
				CLANG_ANALYZER_NONNULL = YES;
				CLANG_ANALYZER_NUMBER_OBJECT_CONVERSION = YES_AGGRESSIVE;
				CLANG_CXX_LANGUAGE_STANDARD = "gnu++20";
				CLANG_ENABLE_MODULES = YES;
				CLANG_ENABLE_OBJC_ARC = YES;
				CLANG_ENABLE_OBJC_WEAK = YES;
				CLANG_WARN_BLOCK_CAPTURE_AUTORELEASING = YES;
				CLANG_WARN_BOOL_CONVERSION = YES;
				CLANG_WARN_COMMA = YES;
				CLANG_WARN_CONSTANT_CONVERSION = YES;
				CLANG_WARN_DEPRECATED_OBJC_IMPLEMENTATIONS = YES;
				CLANG_WARN_DIRECT_OBJC_ISA_USAGE = YES_ERROR;
				CLANG_WARN_DOCUMENTATION_COMMENTS = YES;
				CLANG_WARN_EMPTY_BODY = YES;
				CLANG_WARN_ENUM_CONVERSION = YES;
				CLANG_WARN_INFINITE_RECURSION = YES;
				CLANG_WARN_INT_CONVERSION = YES;
				CLANG_WARN_NON_LITERAL_NULL_CONVERSION = YES;
				CLANG_WARN_OBJC_IMPLICIT_RETAIN_SELF = YES;
				CLANG_WARN_OBJC_LITERAL_CONVERSION = YES;
				CLANG_WARN_OBJC_ROOT_CLASS = YES_ERROR;
				CLANG_WARN_QUOTED_INCLUDE_IN_FRAMEWORK_HEADER = YES;
				CLANG_WARN_RANGE_LOOP_ANALYSIS = YES;
				CLANG_WARN_STRICT_PROTOTYPES = YES;
				CLANG_WARN_SUSPICIOUS_MOVE = YES;
				CLANG_WARN_UNGUARDED_AVAILABILITY = YES_AGGRESSIVE;
				CLANG_WARN_UNREACHABLE_CODE = YES;
				CLANG_WARN__DUPLICATE_METHOD_MATCH = YES;
				COPY_PHASE_STRIP = NO;
				DEBUG_INFORMATION_FORMAT = "dwarf-with-dsym";
				ENABLE_NS_ASSERTIONS = NO;
				ENABLE_STRICT_OBJC_MSGSEND = YES;
				ENABLE_USER_SCRIPT_SANDBOXING = YES;
				GCC_C_LANGUAGE_STANDARD = gnu17;
				GCC_NO_COMMON_BLOCKS = YES;
				GCC_WARN_64_TO_32_BIT_CONVERSION = YES;
				GCC_WARN_ABOUT_RETURN_TYPE = YES_ERROR;
				GCC_WARN_UNDECLARED_SELECTOR = YES;
				GCC_WARN_UNINITIALIZED_AUTOS = YES_AGGRESSIVE;
				GCC_WARN_UNUSED_FUNCTION = YES;
				GCC_WARN_UNUSED_VARIABLE = YES;
				LOCALIZATION_PREFERS_STRING_CATALOGS = YES;
				MACOSX_DEPLOYMENT_TARGET = 14.0;
				MTL_ENABLE_DEBUG_INFO = NO;
				MTL_FAST_MATH = YES;
				SDKROOT = macosx;
				SWIFT_COMPILATION_MODE = wholemodule;
			};
			name = Release;
		};
		193DA6CD2E3B164D00DE6E06 /* Debug */ = {
			isa = XCBuildConfiguration;
			buildSettings = {
				ASSETCATALOG_COMPILER_APPICON_NAME = AppIcon;
				ASSETCATALOG_COMPILER_GLOBAL_ACCENT_COLOR_NAME = AccentColor;
				CODE_SIGN_ENTITLEMENTS = MagSafeGuard/MagSafeGuard.entitlements;
				CODE_SIGN_STYLE = Automatic;
				COMBINE_HIDPI_IMAGES = YES;
				CURRENT_PROJECT_VERSION = 20;
				DEVELOPMENT_TEAM = 7FPM58LVXH;
				ENABLE_HARDENED_RUNTIME = YES;
				ENABLE_PREVIEWS = YES;
				GENERATE_INFOPLIST_FILE = YES;
				INFOPLIST_KEY_CFBundleDisplayName = "MagSafe Guard";
				INFOPLIST_KEY_LSApplicationCategoryType = "public.app-category.utilities";
				INFOPLIST_KEY_NSHumanReadableCopyright = "";
				LD_RUNPATH_SEARCH_PATHS = (
					"$(inherited)",
					"@executable_path/../Frameworks",
				);
				MACOSX_DEPLOYMENT_TARGET = 14.0;
				MARKETING_VERSION = 0.6.0;
				PRODUCT_BUNDLE_IDENTIFIER = com.sutz2001.MagSafeGuard;
				PRODUCT_NAME = "$(TARGET_NAME)";
				REGISTER_APP_GROUPS = YES;
				SWIFT_EMIT_LOC_STRINGS = YES;
				SWIFT_VERSION = 5.0;
			};
			name = Debug;
		};
		193DA6CE2E3B164D00DE6E06 /* Release */ = {
			isa = XCBuildConfiguration;
			buildSettings = {
				ASSETCATALOG_COMPILER_APPICON_NAME = AppIcon;
				ASSETCATALOG_COMPILER_GLOBAL_ACCENT_COLOR_NAME = AccentColor;
				CODE_SIGN_ENTITLEMENTS = MagSafeGuard/MagSafeGuard.entitlements;
				CODE_SIGN_STYLE = Automatic;
				COMBINE_HIDPI_IMAGES = YES;
				CURRENT_PROJECT_VERSION = 20;
				DEVELOPMENT_TEAM = 7FPM58LVXH;
				ENABLE_HARDENED_RUNTIME = YES;
				ENABLE_PREVIEWS = YES;
				GENERATE_INFOPLIST_FILE = YES;
				INFOPLIST_KEY_CFBundleDisplayName = "MagSafe Guard";
				INFOPLIST_KEY_LSApplicationCategoryType = "public.app-category.utilities";
				INFOPLIST_KEY_NSHumanReadableCopyright = "";
				LD_RUNPATH_SEARCH_PATHS = (
					"$(inherited)",
					"@executable_path/../Frameworks",
				);
				MACOSX_DEPLOYMENT_TARGET = 14.0;
				MARKETING_VERSION = 0.6.0;
				PRODUCT_BUNDLE_IDENTIFIER = com.sutz2001.MagSafeGuard;
				PRODUCT_NAME = "$(TARGET_NAME)";
				REGISTER_APP_GROUPS = YES;
				SWIFT_EMIT_LOC_STRINGS = YES;
				SWIFT_VERSION = 5.0;
			};
			name = Release;
		};
		193DA6D02E3B164D00DE6E06 /* Debug */ = {
			isa = XCBuildConfiguration;
			buildSettings = {
				BUNDLE_LOADER = "$(TEST_HOST)";
				CODE_SIGN_STYLE = Automatic;
				CURRENT_PROJECT_VERSION = 20;
				GENERATE_INFOPLIST_FILE = YES;
				MACOSX_DEPLOYMENT_TARGET = 14.0;
				MARKETING_VERSION = 0.6.0;
				PRODUCT_BUNDLE_IDENTIFIER = com.sutz2001.MagSafeGuardTests;
				PRODUCT_NAME = "$(TARGET_NAME)";
				SWIFT_EMIT_LOC_STRINGS = NO;
				SWIFT_VERSION = 5.0;
				TEST_HOST = "$(BUILT_PRODUCTS_DIR)/MagSafeGuard.app/$(BUNDLE_EXECUTABLE_FOLDER_PATH)/MagSafeGuard";
			};
			name = Debug;
		};
		193DA6D12E3B164D00DE6E06 /* Release */ = {
			isa = XCBuildConfiguration;
			buildSettings = {
				BUNDLE_LOADER = "$(TEST_HOST)";
				CODE_SIGN_STYLE = Automatic;
				CURRENT_PROJECT_VERSION = 20;
				GENERATE_INFOPLIST_FILE = YES;
				MACOSX_DEPLOYMENT_TARGET = 14.0;
				MARKETING_VERSION = 0.6.0;
				PRODUCT_BUNDLE_IDENTIFIER = com.sutz2001.MagSafeGuardTests;
				PRODUCT_NAME = "$(TARGET_NAME)";
				SWIFT_EMIT_LOC_STRINGS = NO;
				SWIFT_VERSION = 5.0;
				TEST_HOST = "$(BUILT_PRODUCTS_DIR)/MagSafeGuard.app/$(BUNDLE_EXECUTABLE_FOLDER_PATH)/MagSafeGuard";
			};
			name = Release;
		};
		193DA6D32E3B164D00DE6E06 /* Debug */ = {
			isa = XCBuildConfiguration;
			buildSettings = {
				CODE_SIGN_STYLE = Automatic;
				CURRENT_PROJECT_VERSION = 20;
				GENERATE_INFOPLIST_FILE = YES;
				MARKETING_VERSION = 0.6.0;
				PRODUCT_BUNDLE_IDENTIFIER = com.sutz2001.MagSafeGuardUITests;
				PRODUCT_NAME = "$(TARGET_NAME)";
				SWIFT_EMIT_LOC_STRINGS = NO;
				SWIFT_VERSION = 5.0;
				TEST_TARGET_NAME = MagSafeGuard;
			};
			name = Debug;
		};
		193DA6D42E3B164D00DE6E06 /* Release */ = {
			isa = XCBuildConfiguration;
			buildSettings = {
				CODE_SIGN_STYLE = Automatic;
				CURRENT_PROJECT_VERSION = 20;
				GENERATE_INFOPLIST_FILE = YES;
				MARKETING_VERSION = 0.6.0;
				PRODUCT_BUNDLE_IDENTIFIER = com.sutz2001.MagSafeGuardUITests;
				PRODUCT_NAME = "$(TARGET_NAME)";
				SWIFT_EMIT_LOC_STRINGS = NO;
				SWIFT_VERSION = 5.0;
				TEST_TARGET_NAME = MagSafeGuard;
			};
			name = Release;
		};
/* End XCBuildConfiguration section */

/* Begin XCConfigurationList section */
		193DA6A32E3B164A00DE6E06 /* Build configuration list for PBXProject "MagSafeGuard" */ = {
			isa = XCConfigurationList;
			buildConfigurations = (
				193DA6CA2E3B164D00DE6E06 /* Debug */,
				193DA6CB2E3B164D00DE6E06 /* Release */,
			);
			defaultConfigurationIsVisible = 0;
			defaultConfigurationName = Release;
		};
		193DA6CC2E3B164D00DE6E06 /* Build configuration list for PBXNativeTarget "MagSafeGuard" */ = {
			isa = XCConfigurationList;
			buildConfigurations = (
				193DA6CD2E3B164D00DE6E06 /* Debug */,
				193DA6CE2E3B164D00DE6E06 /* Release */,
			);
			defaultConfigurationIsVisible = 0;
			defaultConfigurationName = Release;
		};
		193DA6CF2E3B164D00DE6E06 /* Build configuration list for PBXNativeTarget "MagSafeGuardTests" */ = {
			isa = XCConfigurationList;
			buildConfigurations = (
				193DA6D02E3B164D00DE6E06 /* Debug */,
				193DA6D12E3B164D00DE6E06 /* Release */,
			);
			defaultConfigurationIsVisible = 0;
			defaultConfigurationName = Release;
		};
		193DA6D22E3B164D00DE6E06 /* Build configuration list for PBXNativeTarget "MagSafeGuardUITests" */ = {
			isa = XCConfigurationList;
			buildConfigurations = (
				193DA6D32E3B164D00DE6E06 /* Debug */,
				193DA6D42E3B164D00DE6E06 /* Release */,
			);
			defaultConfigurationIsVisible = 0;
			defaultConfigurationName = Release;
		};
/* End XCConfigurationList section */

/* Begin XCLocalSwiftPackageReference section */
		199EA3362E4073870077CF35 /* XCLocalSwiftPackageReference "MagSafeGuardLib" */ = {
			isa = XCLocalSwiftPackageReference;
			relativePath = MagSafeGuardLib;
		};
/* End XCLocalSwiftPackageReference section */

/* Begin XCSwiftPackageProductDependency section */
		199EA3372E4073870077CF35 /* MagSafeGuardCore */ = {
			isa = XCSwiftPackageProductDependency;
			productName = MagSafeGuardCore;
		};
		199EA3392E4073870077CF35 /* MagSafeGuardDomain */ = {
			isa = XCSwiftPackageProductDependency;
			productName = MagSafeGuardDomain;
		};
/* End XCSwiftPackageProductDependency section */
	};
	rootObject = 193DA6A02E3B164A00DE6E06 /* Project object */;
}
